
Microsoft Visual Studio Solution File, Format Version 12.00
# Visual Studio 15
VisualStudioVersion = 15.0.28307.271
MinimumVisualStudioVersion = 10.0.40219.1
Project("{9A19103F-16F7-4668-BE54-9A1E7A4F7556}") = "DocumentAutomation", "DocumentAutomation\DocumentAutomation.csproj", "{A2BEEB2C-E461-44AD-88B5-8405438C747F}"
EndProject
Project("{9A19103F-16F7-4668-BE54-9A1E7A4F7556}") = "Data", "Data\Data.csproj", "{24C0E632-6F63-40B4-9D9E-23ED57C74401}"
EndProject
Project("{9A19103F-16F7-4668-BE54-9A1E7A4F7556}") = "LogicLayer", "LogicLayer\LogicLayer.csproj", "{DBCD75BD-BD5F-4C95-971B-40D8956900C0}"
EndProject
Project("{FAE04EC0-301F-11D3-BF4B-00C04F79EFBC}") = "TemplateLayer", "TemplateLayer\TemplateLayer.csproj", "{3A1CE9F7-D7BD-49F0-B919-2B101D8E735F}"
EndProject
Project("{FAE04EC0-301F-11D3-BF4B-00C04F79EFBC}") = "Common", "Common\Common.csproj", "{CFC2A57C-79E8-4EA7-9F5A-937B7E196B61}"
EndProject
Project("{FAE04EC0-301F-11D3-BF4B-00C04F79EFBC}") = "Test", "Test\Test.csproj", "{9390DAE4-073A-45D4-A3E8-004E69D32C1D}"
EndProject
Global
	GlobalSection(SolutionConfigurationPlatforms) = preSolution
		Debug|Any CPU = Debug|Any CPU
		Release|Any CPU = Release|Any CPU
	EndGlobalSection
	GlobalSection(ProjectConfigurationPlatforms) = postSolution
		{A2BEEB2C-E461-44AD-88B5-8405438C747F}.Debug|Any CPU.ActiveCfg = Debug|Any CPU
		{A2BEEB2C-E461-44AD-88B5-8405438C747F}.Debug|Any CPU.Build.0 = Debug|Any CPU
		{A2BEEB2C-E461-44AD-88B5-8405438C747F}.Release|Any CPU.ActiveCfg = Release|Any CPU
		{A2BEEB2C-E461-44AD-88B5-8405438C747F}.Release|Any CPU.Build.0 = Release|Any CPU
		{24C0E632-6F63-40B4-9D9E-23ED57C74401}.Debug|Any CPU.ActiveCfg = Debug|Any CPU
		{24C0E632-6F63-40B4-9D9E-23ED57C74401}.Debug|Any CPU.Build.0 = Debug|Any CPU
		{24C0E632-6F63-40B4-9D9E-23ED57C74401}.Release|Any CPU.ActiveCfg = Release|Any CPU
		{24C0E632-6F63-40B4-9D9E-23ED57C74401}.Release|Any CPU.Build.0 = Release|Any CPU
		{DBCD75BD-BD5F-4C95-971B-40D8956900C0}.Debug|Any CPU.ActiveCfg = Debug|Any CPU
		{DBCD75BD-BD5F-4C95-971B-40D8956900C0}.Debug|Any CPU.Build.0 = Debug|Any CPU
		{DBCD75BD-BD5F-4C95-971B-40D8956900C0}.Release|Any CPU.ActiveCfg = Release|Any CPU
		{DBCD75BD-BD5F-4C95-971B-40D8956900C0}.Release|Any CPU.Build.0 = Release|Any CPU
		{3A1CE9F7-D7BD-49F0-B919-2B101D8E735F}.Debug|Any CPU.ActiveCfg = Debug|Any CPU
		{3A1CE9F7-D7BD-49F0-B919-2B101D8E735F}.Debug|Any CPU.Build.0 = Debug|Any CPU
		{3A1CE9F7-D7BD-49F0-B919-2B101D8E735F}.Release|Any CPU.ActiveCfg = Release|Any CPU
		{3A1CE9F7-D7BD-49F0-B919-2B101D8E735F}.Release|Any CPU.Build.0 = Release|Any CPU
		{CFC2A57C-79E8-4EA7-9F5A-937B7E196B61}.Debug|Any CPU.ActiveCfg = Debug|Any CPU
		{CFC2A57C-79E8-4EA7-9F5A-937B7E196B61}.Debug|Any CPU.Build.0 = Debug|Any CPU
		{CFC2A57C-79E8-4EA7-9F5A-937B7E196B61}.Release|Any CPU.ActiveCfg = Release|Any CPU
		{CFC2A57C-79E8-4EA7-9F5A-937B7E196B61}.Release|Any CPU.Build.0 = Release|Any CPU
		{9390DAE4-073A-45D4-A3E8-004E69D32C1D}.Debug|Any CPU.ActiveCfg = Debug|Any CPU
		{9390DAE4-073A-45D4-A3E8-004E69D32C1D}.Debug|Any CPU.Build.0 = Debug|Any CPU
		{9390DAE4-073A-45D4-A3E8-004E69D32C1D}.Release|Any CPU.ActiveCfg = Release|Any CPU
		{9390DAE4-073A-45D4-A3E8-004E69D32C1D}.Release|Any CPU.Build.0 = Release|Any CPU
	EndGlobalSection
	GlobalSection(SolutionProperties) = preSolution
		HideSolutionNode = FALSE
	EndGlobalSection
	GlobalSection(ExtensibilityGlobals) = postSolution
		SolutionGuid = {78560EBE-D501-432B-B782-0CCD1A90FB5D}
	EndGlobalSection
EndGlobal
